
Microsoft Visual Studio Solution File, Format Version 12.00
# Visual Studio Version 16
VisualStudioVersion = 16.0.29025.244
MinimumVisualStudioVersion = 10.0.40219.1
Project("{9A19103F-16F7-4668-BE54-9A1E7A4F7556}") = "LogFileMonitor", "LogFileMonitor.csproj", "{EA732944-907C-4493-8A28-8171E648A3F2}"
EndProject
Project("{2150E333-8FDC-42A3-9474-1A3956D46DE8}") = "Solution Items", "Solution Items", "{26E9753F-D6CF-4DDC-81CA-741D647AF0E9}"
	ProjectSection(SolutionItems) = preProject
		readme.md = readme.md
	EndProjectSection
EndProject
Project("{9A19103F-16F7-4668-BE54-9A1E7A4F7556}") = "WriteFileTester", "..\WriteFileTester\WriteFileTester.csproj", "{9D7782E2-BC3A-408A-A073-36540244A1E8}"
EndProject
Global
	GlobalSection(SolutionConfigurationPlatforms) = preSolution
		Debug|Any CPU = Debug|Any CPU
		Release|Any CPU = Release|Any CPU
	EndGlobalSection
	GlobalSection(ProjectConfigurationPlatforms) = postSolution
		{EA732944-907C-4493-8A28-8171E648A3F2}.Debug|Any CPU.ActiveCfg = Debug|Any CPU
		{EA732944-907C-4493-8A28-8171E648A3F2}.Debug|Any CPU.Build.0 = Debug|Any CPU
		{EA732944-907C-4493-8A28-8171E648A3F2}.Release|Any CPU.ActiveCfg = Release|Any CPU
		{EA732944-907C-4493-8A28-8171E648A3F2}.Release|Any CPU.Build.0 = Release|Any CPU
		{9D7782E2-BC3A-408A-A073-36540244A1E8}.Debug|Any CPU.ActiveCfg = Debug|Any CPU
		{9D7782E2-BC3A-408A-A073-36540244A1E8}.Debug|Any CPU.Build.0 = Debug|Any CPU
		{9D7782E2-BC3A-408A-A073-36540244A1E8}.Release|Any CPU.ActiveCfg = Release|Any CPU
		{9D7782E2-BC3A-408A-A073-36540244A1E8}.Release|Any CPU.Build.0 = Release|Any CPU
	EndGlobalSection
	GlobalSection(SolutionProperties) = preSolution
		HideSolutionNode = FALSE
	EndGlobalSection
	GlobalSection(ExtensibilityGlobals) = postSolution
		SolutionGuid = {5DDDD9A1-70A3-4566-88EF-A1B60911921A}
	EndGlobalSection
EndGlobal
